
Microsoft Visual Studio Solution File, Format Version 12.00
# Visual Studio Version 17
VisualStudioVersion = 17.11.35312.102
MinimumVisualStudioVersion = 10.0.40219.1
Project("{FAE04EC0-301F-11D3-BF4B-00C04F79EFBC}") = "ETLProject", "ETLProject\ETLProject.csproj", "{15A7709C-812F-4182-99AB-FC88D4D36DCB}"
EndProject
Global
	GlobalSection(SolutionConfigurationPlatforms) = preSolution
		Debug|Any CPU = Debug|Any CPU
		Release|Any CPU = Release|Any CPU
	EndGlobalSection
	GlobalSection(ProjectConfigurationPlatforms) = postSolution
		{15A7709C-812F-4182-99AB-FC88D4D36DCB}.Debug|Any CPU.ActiveCfg = Debug|Any CPU
		{15A7709C-812F-4182-99AB-FC88D4D36DCB}.Debug|Any CPU.Build.0 = Debug|Any CPU
		{15A7709C-812F-4182-99AB-FC88D4D36DCB}.Release|Any CPU.ActiveCfg = Release|Any CPU
		{15A7709C-812F-4182-99AB-FC88D4D36DCB}.Release|Any CPU.Build.0 = Release|Any CPU
	EndGlobalSection
	GlobalSection(SolutionProperties) = preSolution
		HideSolutionNode = FALSE
	EndGlobalSection
	GlobalSection(ExtensibilityGlobals) = postSolution
		SolutionGuid = {FDEDDF2A-B0DF-4AB4-B05F-4CBEDBC4201E}
	EndGlobalSection
EndGlobal
